
Microsoft Visual Studio Solution File, Format Version 12.00
Project("{FAE04EC0-301F-11D3-BF4B-00C04F79EFBC}") = "Kontravers.GoodJob.Domain", "Kontravers.GoodJob.Domain\Kontravers.GoodJob.Domain.csproj", "{2131174D-39DF-486E-B3A9-A760BF8AF490}"
EndProject
Project("{FAE04EC0-301F-11D3-BF4B-00C04F79EFBC}") = "Kontravers.GoodJob.Tests", "Kontravers.GoodJob.Tests\Kontravers.GoodJob.Tests.csproj", "{5A9C04AC-ABA4-40A5-BF78-61C171C36C34}"
EndProject
Project("{2150E333-8FDC-42A3-9474-1A3956D46DE8}") = "Adapters", "Adapters", "{A6003BB5-CFE7-4206-B1A2-AE9E2F67638F}"
EndProject
Project("{2150E333-8FDC-42A3-9474-1A3956D46DE8}") = "Ports", "Ports", "{0A340772-604D-45CC-A8E2-DB9BA1DC4C17}"
EndProject
Project("{2150E333-8FDC-42A3-9474-1A3956D46DE8}") = "Tests", "Tests", "{0731526A-5C88-4502-86FF-F47F7D416949}"
EndProject
Project("{FAE04EC0-301F-11D3-BF4B-00C04F79EFBC}") = "Kontravers.GoodJob.Data", "Kontravers.GoodJob.Data\Kontravers.GoodJob.Data.csproj", "{FC60193E-769D-4ED7-BD8D-A89681E6C723}"
EndProject
Project("{FAE04EC0-301F-11D3-BF4B-00C04F79EFBC}") = "Kontravers.GoodJob.Worker", "Kontravers.GoodJob.Worker\Kontravers.GoodJob.Worker.csproj", "{B0C4C53D-4209-4AB6-B780-E55DB1747A25}"
EndProject
Project("{FAE04EC0-301F-11D3-BF4B-00C04F79EFBC}") = "Kontravers.GoodJob.Domain.Messaging", "Kontravers.GoodJob.Domain.Messaging\Kontravers.GoodJob.Domain.Messaging.csproj", "{33FC77FA-3A77-4521-AF84-7E63AE913F03}"
EndProject
Project("{FAE04EC0-301F-11D3-BF4B-00C04F79EFBC}") = "Kontravers.GoodJob.Infra.Shared", "Kontravers.GoodJob.Infra.Shared\Kontravers.GoodJob.Infra.Shared.csproj", "{E5F1BD57-F60C-4B6E-A7C3-608AB6F2253D}"
EndProject
Project("{FAE04EC0-301F-11D3-BF4B-00C04F79EFBC}") = "Kontravers.GoodJob.OpenAi", "Kontravers.GoodJob.OpenAi\Kontravers.GoodJob.OpenAi.csproj", "{4A9B3A7C-018E-4713-893C-1E87D78B4F45}"
EndProject
Project("{FAE04EC0-301F-11D3-BF4B-00C04F79EFBC}") = "Kontravers.GoodJob.API", "Kontravers.GoodJob.API\Kontravers.GoodJob.API.csproj", "{703F1FF5-36A6-41B5-B50D-EDCC199CA9BA}"
EndProject
Project("{FAE04EC0-301F-11D3-BF4B-00C04F79EFBC}") = "Kontravers.GoodJob.Auth", "Kontravers.GoodJob.Auth\Kontravers.GoodJob.Auth.csproj", "{F80F1721-78FD-4BB6-BCF8-93D7D19F3BB3}"
EndProject
Project("{2150E333-8FDC-42A3-9474-1A3956D46DE8}") = "Libraries", "Libraries", "{29B7F023-3DB4-4D15-B57B-03069C3EA6F7}"
EndProject
Global
	GlobalSection(SolutionConfigurationPlatforms) = preSolution
		Debug|Any CPU = Debug|Any CPU
		Release|Any CPU = Release|Any CPU
	EndGlobalSection
	GlobalSection(ProjectConfigurationPlatforms) = postSolution
		{2131174D-39DF-486E-B3A9-A760BF8AF490}.Debug|Any CPU.ActiveCfg = Debug|Any CPU
		{2131174D-39DF-486E-B3A9-A760BF8AF490}.Debug|Any CPU.Build.0 = Debug|Any CPU
		{2131174D-39DF-486E-B3A9-A760BF8AF490}.Release|Any CPU.ActiveCfg = Release|Any CPU
		{2131174D-39DF-486E-B3A9-A760BF8AF490}.Release|Any CPU.Build.0 = Release|Any CPU
		{5A9C04AC-ABA4-40A5-BF78-61C171C36C34}.Debug|Any CPU.ActiveCfg = Debug|Any CPU
		{5A9C04AC-ABA4-40A5-BF78-61C171C36C34}.Debug|Any CPU.Build.0 = Debug|Any CPU
		{5A9C04AC-ABA4-40A5-BF78-61C171C36C34}.Release|Any CPU.ActiveCfg = Release|Any CPU
		{5A9C04AC-ABA4-40A5-BF78-61C171C36C34}.Release|Any CPU.Build.0 = Release|Any CPU
		{FC60193E-769D-4ED7-BD8D-A89681E6C723}.Debug|Any CPU.ActiveCfg = Debug|Any CPU
		{FC60193E-769D-4ED7-BD8D-A89681E6C723}.Debug|Any CPU.Build.0 = Debug|Any CPU
		{FC60193E-769D-4ED7-BD8D-A89681E6C723}.Release|Any CPU.ActiveCfg = Release|Any CPU
		{FC60193E-769D-4ED7-BD8D-A89681E6C723}.Release|Any CPU.Build.0 = Release|Any CPU
		{B0C4C53D-4209-4AB6-B780-E55DB1747A25}.Debug|Any CPU.ActiveCfg = Debug|Any CPU
		{B0C4C53D-4209-4AB6-B780-E55DB1747A25}.Debug|Any CPU.Build.0 = Debug|Any CPU
		{B0C4C53D-4209-4AB6-B780-E55DB1747A25}.Release|Any CPU.ActiveCfg = Release|Any CPU
		{B0C4C53D-4209-4AB6-B780-E55DB1747A25}.Release|Any CPU.Build.0 = Release|Any CPU
		{33FC77FA-3A77-4521-AF84-7E63AE913F03}.Debug|Any CPU.ActiveCfg = Debug|Any CPU
		{33FC77FA-3A77-4521-AF84-7E63AE913F03}.Debug|Any CPU.Build.0 = Debug|Any CPU
		{33FC77FA-3A77-4521-AF84-7E63AE913F03}.Release|Any CPU.ActiveCfg = Release|Any CPU
		{33FC77FA-3A77-4521-AF84-7E63AE913F03}.Release|Any CPU.Build.0 = Release|Any CPU
		{E5F1BD57-F60C-4B6E-A7C3-608AB6F2253D}.Debug|Any CPU.ActiveCfg = Debug|Any CPU
		{E5F1BD57-F60C-4B6E-A7C3-608AB6F2253D}.Debug|Any CPU.Build.0 = Debug|Any CPU
		{E5F1BD57-F60C-4B6E-A7C3-608AB6F2253D}.Release|Any CPU.ActiveCfg = Release|Any CPU
		{E5F1BD57-F60C-4B6E-A7C3-608AB6F2253D}.Release|Any CPU.Build.0 = Release|Any CPU
		{4A9B3A7C-018E-4713-893C-1E87D78B4F45}.Debug|Any CPU.ActiveCfg = Debug|Any CPU
		{4A9B3A7C-018E-4713-893C-1E87D78B4F45}.Debug|Any CPU.Build.0 = Debug|Any CPU
		{4A9B3A7C-018E-4713-893C-1E87D78B4F45}.Release|Any CPU.ActiveCfg = Release|Any CPU
		{4A9B3A7C-018E-4713-893C-1E87D78B4F45}.Release|Any CPU.Build.0 = Release|Any CPU
		{703F1FF5-36A6-41B5-B50D-EDCC199CA9BA}.Debug|Any CPU.ActiveCfg = Debug|Any CPU
		{703F1FF5-36A6-41B5-B50D-EDCC199CA9BA}.Debug|Any CPU.Build.0 = Debug|Any CPU
		{703F1FF5-36A6-41B5-B50D-EDCC199CA9BA}.Release|Any CPU.ActiveCfg = Release|Any CPU
		{703F1FF5-36A6-41B5-B50D-EDCC199CA9BA}.Release|Any CPU.Build.0 = Release|Any CPU
		{F80F1721-78FD-4BB6-BCF8-93D7D19F3BB3}.Debug|Any CPU.ActiveCfg = Debug|Any CPU
		{F80F1721-78FD-4BB6-BCF8-93D7D19F3BB3}.Debug|Any CPU.Build.0 = Debug|Any CPU
		{F80F1721-78FD-4BB6-BCF8-93D7D19F3BB3}.Release|Any CPU.ActiveCfg = Release|Any CPU
		{F80F1721-78FD-4BB6-BCF8-93D7D19F3BB3}.Release|Any CPU.Build.0 = Release|Any CPU
	EndGlobalSection
	GlobalSection(NestedProjects) = preSolution
		{2131174D-39DF-486E-B3A9-A760BF8AF490} = {0A340772-604D-45CC-A8E2-DB9BA1DC4C17}
		{5A9C04AC-ABA4-40A5-BF78-61C171C36C34} = {0731526A-5C88-4502-86FF-F47F7D416949}
		{B0C4C53D-4209-4AB6-B780-E55DB1747A25} = {A6003BB5-CFE7-4206-B1A2-AE9E2F67638F}
		{33FC77FA-3A77-4521-AF84-7E63AE913F03} = {0A340772-604D-45CC-A8E2-DB9BA1DC4C17}
		{703F1FF5-36A6-41B5-B50D-EDCC199CA9BA} = {A6003BB5-CFE7-4206-B1A2-AE9E2F67638F}
		{F80F1721-78FD-4BB6-BCF8-93D7D19F3BB3} = {A6003BB5-CFE7-4206-B1A2-AE9E2F67638F}
		{FC60193E-769D-4ED7-BD8D-A89681E6C723} = {29B7F023-3DB4-4D15-B57B-03069C3EA6F7}
		{E5F1BD57-F60C-4B6E-A7C3-608AB6F2253D} = {29B7F023-3DB4-4D15-B57B-03069C3EA6F7}
		{4A9B3A7C-018E-4713-893C-1E87D78B4F45} = {29B7F023-3DB4-4D15-B57B-03069C3EA6F7}
	EndGlobalSection
EndGlobal
